// !$*UTF8*$!
{
	archiveVersion = 1;
	classes = {
	};
	objectVersion = 50;
	objects = {

/* Begin PBXBuildFile section */
		041A1056223E614400A90651 /* list.c in Sources */ = {isa = PBXBuildFile; fileRef = 041A1055223E614400A90651 /* list.c */; };
		042B5C1A223E4491007B1A2E /* main.c in Sources */ = {isa = PBXBuildFile; fileRef = 042B5C19223E4491007B1A2E /* main.c */; };
/* End PBXBuildFile section */

/* Begin PBXCopyFilesBuildPhase section */
		042B5C14223E4491007B1A2E /* CopyFiles */ = {
			isa = PBXCopyFilesBuildPhase;
			buildActionMask = 2147483647;
			dstPath = /usr/share/man/man1/;
			dstSubfolderSpec = 0;
			files = (
			);
			runOnlyForDeploymentPostprocessing = 1;
		};
/* End PBXCopyFilesBuildPhase section */

/* Begin PBXFileReference section */
		041A1053223E611400A90651 /* 链表练习题.md */ = {isa = PBXFileReference; lastKnownFileType = net.daringfireball.markdown; path = "链表练习题.md"; sourceTree = "<group>"; };
		041A1054223E614400A90651 /* list.h */ = {isa = PBXFileReference; lastKnownFileType = sourcecode.c.h; path = list.h; sourceTree = "<group>"; };
		041A1055223E614400A90651 /* list.c */ = {isa = PBXFileReference; lastKnownFileType = sourcecode.c.c; path = list.c; sourceTree = "<group>"; };
		042B5C16223E4491007B1A2E /* 链表合并习题 */ = {isa = PBXFileReference; explicitFileType = "compiled.mach-o.executable"; includeInIndex = 0; path = "链表合并习题"; sourceTree = BUILT_PRODUCTS_DIR; };
		042B5C19223E4491007B1A2E /* main.c */ = {isa = PBXFileReference; lastKnownFileType = sourcecode.c.c; path = main.c; sourceTree = "<group>"; };
		049B3888223FB8ED00667C4F /* niko-photos-333391-unsplash.jpg */ = {isa = PBXFileReference; lastKnownFileType = image.jpeg; path = "niko-photos-333391-unsplash.jpg"; sourceTree = "<group>"; };
		049B3889223FB8FC00667C4F /* 屏幕快照 2019-03-18 18.58.10.png */ = {isa = PBXFileReference; lastKnownFileType = image.png; path = "屏幕快照 2019-03-18 18.58.10.png"; sourceTree = "<group>"; };
/* End PBXFileReference section */

/* Begin PBXFrameworksBuildPhase section */
		042B5C13223E4491007B1A2E /* Frameworks */ = {
			isa = PBXFrameworksBuildPhase;
			buildActionMask = 2147483647;
			files = (
			);
			runOnlyForDeploymentPostprocessing = 0;
		};
/* End PBXFrameworksBuildPhase section */

/* Begin PBXGroup section */
		042B5C0D223E4491007B1A2E = {
			isa = PBXGroup;
			children = (
				041A1053223E611400A90651 /* 链表练习题.md */,
				049B3888223FB8ED00667C4F /* niko-photos-333391-unsplash.jpg */,
				049B3889223FB8FC00667C4F /* 屏幕快照 2019-03-18 18.58.10.png */,
				042B5C18223E4491007B1A2E /* 链表合并习题 */,
				042B5C17223E4491007B1A2E /* Products */,
			);
			sourceTree = "<group>";
		};
		042B5C17223E4491007B1A2E /* Products */ = {
			isa = PBXGroup;
			children = (
				042B5C16223E4491007B1A2E /* 链表合并习题 */,
			);
			name = Products;
			sourceTree = "<group>";
		};
		042B5C18223E4491007B1A2E /* 链表合并习题 */ = {
			isa = PBXGroup;
			children = (
				042B5C19223E4491007B1A2E /* main.c */,
				041A1054223E614400A90651 /* list.h */,
				041A1055223E614400A90651 /* list.c */,
			);
			path = "链表合并习题";
			sourceTree = "<group>";
		};
/* End PBXGroup section */

/* Begin PBXNativeTarget section */
		042B5C15223E4491007B1A2E /* 链表合并习题 */ = {
			isa = PBXNativeTarget;
			buildConfigurationList = 042B5C1D223E4491007B1A2E /* Build configuration list for PBXNativeTarget "链表合并习题" */;
			buildPhases = (
				042B5C12223E4491007B1A2E /* Sources */,
				042B5C13223E4491007B1A2E /* Frameworks */,
				042B5C14223E4491007B1A2E /* CopyFiles */,
			);
			buildRules = (
			);
			dependencies = (
			);
			name = "链表合并习题";
			productName = "链表合并习题";
			productReference = 042B5C16223E4491007B1A2E /* 链表合并习题 */;
			productType = "com.apple.product-type.tool";
		};
/* End PBXNativeTarget section */

/* Begin PBXProject section */
		042B5C0E223E4491007B1A2E /* Project object */ = {
			isa = PBXProject;
			attributes = {
				LastUpgradeCheck = 1010;
				ORGANIZATIONNAME = "com.icloud@h76joker";
				TargetAttributes = {
					042B5C15223E4491007B1A2E = {
						CreatedOnToolsVersion = 10.1;
					};
				};
			};
			buildConfigurationList = 042B5C11223E4491007B1A2E /* Build configuration list for PBXProject "链表合并习题" */;
			compatibilityVersion = "Xcode 9.3";
			developmentRegion = en;
			hasScannedForEncodings = 0;
			knownRegions = (
				en,
			);
			mainGroup = 042B5C0D223E4491007B1A2E;
			productRefGroup = 042B5C17223E4491007B1A2E /* Products */;
			projectDirPath = "";
			projectRoot = "";
			targets = (
				042B5C15223E4491007B1A2E /* 链表合并习题 */,
			);
		};
/* End PBXProject section */

/* Begin PBXSourcesBuildPhase section */
		042B5C12223E4491007B1A2E /* Sources */ = {
			isa = PBXSourcesBuildPhase;
			buildActionMask = 2147483647;
			files = (
				042B5C1A223E4491007B1A2E /* main.c in Sources */,
				041A1056223E614400A90651 /* list.c in Sources */,
			);
			runOnlyForDeploymentPostprocessing = 0;
		};
/* End PBXSourcesBuildPhase section */

/* Begin XCBuildConfiguration section */
		042B5C1B223E4491007B1A2E /* Debug */ = {
			isa = XCBuildConfiguration;
			buildSettings = {
				ALWAYS_SEARCH_USER_PATHS = NO;
				CLANG_ANALYZER_NONNULL = YES;
				CLANG_ANALYZER_NUMBER_OBJECT_CONVERSION = YES_AGGRESSIVE;
				CLANG_CXX_LANGUAGE_STANDARD = "gnu++14";
				CLANG_CXX_LIBRARY = "libc++";
				CLANG_ENABLE_MODULES = YES;
				CLANG_ENABLE_OBJC_ARC = YES;
				CLANG_ENABLE_OBJC_WEAK = YES;
				CLANG_WARN_BLOCK_CAPTURE_AUTORELEASING = YES;
				CLANG_WARN_BOOL_CONVERSION = YES;
				CLANG_WARN_COMMA = YES;
				CLANG_WARN_CONSTANT_CONVERSION = YES;
				CLANG_WARN_DEPRECATED_OBJC_IMPLEMENTATIONS = YES;
				CLANG_WARN_DIRECT_OBJC_ISA_USAGE = YES_ERROR;
				CLANG_WARN_DOCUMENTATION_COMMENTS = YES;
				CLANG_WARN_EMPTY_BODY = YES;
				CLANG_WARN_ENUM_CONVERSION = YES;
				CLANG_WARN_INFINITE_RECURSION = YES;
				CLANG_WARN_INT_CONVERSION = YES;
				CLANG_WARN_NON_LITERAL_NULL_CONVERSION = YES;
				CLANG_WARN_OBJC_IMPLICIT_RETAIN_SELF = YES;
				CLANG_WARN_OBJC_LITERAL_CONVERSION = YES;
				CLANG_WARN_OBJC_ROOT_CLASS = YES_ERROR;
				CLANG_WARN_RANGE_LOOP_ANALYSIS = YES;
				CLANG_WARN_STRICT_PROTOTYPES = YES;
				CLANG_WARN_SUSPICIOUS_MOVE = YES;
				CLANG_WARN_UNGUARDED_AVAILABILITY = YES_AGGRESSIVE;
				CLANG_WARN_UNREACHABLE_CODE = YES;
				CLANG_WARN__DUPLICATE_METHOD_MATCH = YES;
				CODE_SIGN_IDENTITY = "Mac Developer";
				COPY_PHASE_STRIP = NO;
				DEBUG_INFORMATION_FORMAT = dwarf;
				ENABLE_STRICT_OBJC_MSGSEND = YES;
				ENABLE_TESTABILITY = YES;
				GCC_C_LANGUAGE_STANDARD = gnu11;
				GCC_DYNAMIC_NO_PIC = NO;
				GCC_NO_COMMON_BLOCKS = YES;
				GCC_OPTIMIZATION_LEVEL = 0;
				GCC_PREPROCESSOR_DEFINITIONS = (
					"DEBUG=1",
					"$(inherited)",
				);
				GCC_WARN_64_TO_32_BIT_CONVERSION = YES;
				GCC_WARN_ABOUT_RETURN_TYPE = YES_ERROR;
				GCC_WARN_UNDECLARED_SELECTOR = YES;
				GCC_WARN_UNINITIALIZED_AUTOS = YES_AGGRESSIVE;
				GCC_WARN_UNUSED_FUNCTION = YES;
				GCC_WARN_UNUSED_VARIABLE = YES;
				MACOSX_DEPLOYMENT_TARGET = 10.14;
				MTL_ENABLE_DEBUG_INFO = INCLUDE_SOURCE;
				MTL_FAST_MATH = YES;
				ONLY_ACTIVE_ARCH = YES;
				SDKROOT = macosx;
			};
			name = Debug;
		};
		042B5C1C223E4491007B1A2E /* Release */ = {
			isa = XCBuildConfiguration;
			buildSettings = {
				ALWAYS_SEARCH_USER_PATHS = NO;
				CLANG_ANALYZER_NONNULL = YES;
				CLANG_ANALYZER_NUMBER_OBJECT_CONVERSION = YES_AGGRESSIVE;
				CLANG_CXX_LANGUAGE_STANDARD = "gnu++14";
				CLANG_CXX_LIBRARY = "libc++";
				CLANG_ENABLE_MODULES = YES;
				CLANG_ENABLE_OBJC_ARC = YES;
				CLANG_ENABLE_OBJC_WEAK = YES;
				CLANG_WARN_BLOCK_CAPTURE_AUTORELEASING = YES;
				CLANG_WARN_BOOL_CONVERSION = YES;
				CLANG_WARN_COMMA = YES;
				CLANG_WARN_CONSTANT_CONVERSION = YES;
				CLANG_WARN_DEPRECATED_OBJC_IMPLEMENTATIONS = YES;
				CLANG_WARN_DIRECT_OBJC_ISA_USAGE = YES_ERROR;
				CLANG_WARN_DOCUMENTATION_COMMENTS = YES;
				CLANG_WARN_EMPTY_BODY = YES;
				CLANG_WARN_ENUM_CONVERSION = YES;
				CLANG_WARN_INFINITE_RECURSION = YES;
				CLANG_WARN_INT_CONVERSION = YES;
				CLANG_WARN_NON_LITERAL_NULL_CONVERSION = YES;
				CLANG_WARN_OBJC_IMPLICIT_RETAIN_SELF = YES;
				CLANG_WARN_OBJC_LITERAL_CONVERSION = YES;
				CLANG_WARN_OBJC_ROOT_CLASS = YES_ERROR;
				CLANG_WARN_RANGE_LOOP_ANALYSIS = YES;
				CLANG_WARN_STRICT_PROTOTYPES = YES;
				CLANG_WARN_SUSPICIOUS_MOVE = YES;
				CLANG_WARN_UNGUARDED_AVAILABILITY = YES_AGGRESSIVE;
				CLANG_WARN_UNREACHABLE_CODE = YES;
				CLANG_WARN__DUPLICATE_METHOD_MATCH = YES;
				CODE_SIGN_IDENTITY = "Mac Developer";
				COPY_PHASE_STRIP = NO;
				DEBUG_INFORMATION_FORMAT = "dwarf-with-dsym";
				ENABLE_NS_ASSERTIONS = NO;
				ENABLE_STRICT_OBJC_MSGSEND = YES;
				GCC_C_LANGUAGE_STANDARD = gnu11;
				GCC_NO_COMMON_BLOCKS = YES;
				GCC_WARN_64_TO_32_BIT_CONVERSION = YES;
				GCC_WARN_ABOUT_RETURN_TYPE = YES_ERROR;
				GCC_WARN_UNDECLARED_SELECTOR = YES;
				GCC_WARN_UNINITIALIZED_AUTOS = YES_AGGRESSIVE;
				GCC_WARN_UNUSED_FUNCTION = YES;
				GCC_WARN_UNUSED_VARIABLE = YES;
				MACOSX_DEPLOYMENT_TARGET = 10.14;
				MTL_ENABLE_DEBUG_INFO = NO;
				MTL_FAST_MATH = YES;
				SDKROOT = macosx;
			};
			name = Release;
		};
		042B5C1E223E4491007B1A2E /* Debug */ = {
			isa = XCBuildConfiguration;
			buildSettings = {
				CODE_SIGN_STYLE = Automatic;
				DEVELOPMENT_TEAM = YRB62S584T;
				PRODUCT_NAME = "$(TARGET_NAME)";
			};
			name = Debug;
		};
		042B5C1F223E4491007B1A2E /* Release */ = {
			isa = XCBuildConfiguration;
			buildSettings = {
				CODE_SIGN_STYLE = Automatic;
				DEVELOPMENT_TEAM = YRB62S584T;
				PRODUCT_NAME = "$(TARGET_NAME)";
			};
			name = Release;
		};
/* End XCBuildConfiguration section */

/* Begin XCConfigurationList section */
		042B5C11223E4491007B1A2E /* Build configuration list for PBXProject "链表合并习题" */ = {
			isa = XCConfigurationList;
			buildConfigurations = (
				042B5C1B223E4491007B1A2E /* Debug */,
				042B5C1C223E4491007B1A2E /* Release */,
			);
			defaultConfigurationIsVisible = 0;
			defaultConfigurationName = Release;
		};
		042B5C1D223E4491007B1A2E /* Build configuration list for PBXNativeTarget "链表合并习题" */ = {
			isa = XCConfigurationList;
			buildConfigurations = (
				042B5C1E223E4491007B1A2E /* Debug */,
				042B5C1F223E4491007B1A2E /* Release */,
			);
			defaultConfigurationIsVisible = 0;
			defaultConfigurationName = Release;
		};
/* End XCConfigurationList section */
	};
	rootObject = 042B5C0E223E4491007B1A2E /* Project object */;
}
