// !$*UTF8*$!
{
	archiveVersion = 1;
	classes = {
	};
	objectVersion = 50;
	objects = {

/* Begin PBXBuildFile section */
		04EBBC00224DE5FF00748EE7 /* main.c in Sources */ = {isa = PBXBuildFile; fileRef = 04EBBBFF224DE5FF00748EE7 /* main.c */; };
		04EBBC08224DE70C00748EE7 /* stack.c in Sources */ = {isa = PBXBuildFile; fileRef = 04EBBC07224DE70C00748EE7 /* stack.c */; };
		04EBBC0B224DE76A00748EE7 /* list.c in Sources */ = {isa = PBXBuildFile; fileRef = 04EBBC0A224DE76A00748EE7 /* list.c */; };
/* End PBXBuildFile section */

/* Begin PBXCopyFilesBuildPhase section */
		04EBBBFA224DE5FF00748EE7 /* CopyFiles */ = {
			isa = PBXCopyFilesBuildPhase;
			buildActionMask = 2147483647;
			dstPath = /usr/share/man/man1/;
			dstSubfolderSpec = 0;
			files = (
			);
			runOnlyForDeploymentPostprocessing = 1;
		};
/* End PBXCopyFilesBuildPhase section */

/* Begin PBXFileReference section */
		04EBBBFC224DE5FF00748EE7 /* 栈 */ = {isa = PBXFileReference; explicitFileType = "compiled.mach-o.executable"; includeInIndex = 0; path = "栈"; sourceTree = BUILT_PRODUCTS_DIR; };
		04EBBBFF224DE5FF00748EE7 /* main.c */ = {isa = PBXFileReference; lastKnownFileType = sourcecode.c.c; path = main.c; sourceTree = "<group>"; };
		04EBBC06224DE70C00748EE7 /* stack.h */ = {isa = PBXFileReference; lastKnownFileType = sourcecode.c.h; path = stack.h; sourceTree = "<group>"; };
		04EBBC07224DE70C00748EE7 /* stack.c */ = {isa = PBXFileReference; lastKnownFileType = sourcecode.c.c; path = stack.c; sourceTree = "<group>"; };
		04EBBC09224DE76A00748EE7 /* list.h */ = {isa = PBXFileReference; fileEncoding = 4; lastKnownFileType = sourcecode.c.h; name = list.h; path = "../../线性表/单链表/单链表/list.h"; sourceTree = "<group>"; };
		04EBBC0A224DE76A00748EE7 /* list.c */ = {isa = PBXFileReference; fileEncoding = 4; lastKnownFileType = sourcecode.c.c; name = list.c; path = "../../线性表/单链表/单链表/list.c"; sourceTree = "<group>"; };
		04EBBC0C224DEB4B00748EE7 /* 栈接口定义.md */ = {isa = PBXFileReference; lastKnownFileType = net.daringfireball.markdown; path = "栈接口定义.md"; sourceTree = "<group>"; };
/* End PBXFileReference section */

/* Begin PBXFrameworksBuildPhase section */
		04EBBBF9224DE5FF00748EE7 /* Frameworks */ = {
			isa = PBXFrameworksBuildPhase;
			buildActionMask = 2147483647;
			files = (
			);
			runOnlyForDeploymentPostprocessing = 0;
		};
/* End PBXFrameworksBuildPhase section */

/* Begin PBXGroup section */
		04EBBBF3224DE5FF00748EE7 = {
			isa = PBXGroup;
			children = (
				04EBBC0C224DEB4B00748EE7 /* 栈接口定义.md */,
				04EBBBFE224DE5FF00748EE7 /* 栈 */,
				04EBBBFD224DE5FF00748EE7 /* Products */,
			);
			sourceTree = "<group>";
		};
		04EBBBFD224DE5FF00748EE7 /* Products */ = {
			isa = PBXGroup;
			children = (
				04EBBBFC224DE5FF00748EE7 /* 栈 */,
			);
			name = Products;
			sourceTree = "<group>";
		};
		04EBBBFE224DE5FF00748EE7 /* 栈 */ = {
			isa = PBXGroup;
			children = (
				04EBBC0A224DE76A00748EE7 /* list.c */,
				04EBBC09224DE76A00748EE7 /* list.h */,
				04EBBBFF224DE5FF00748EE7 /* main.c */,
				04EBBC06224DE70C00748EE7 /* stack.h */,
				04EBBC07224DE70C00748EE7 /* stack.c */,
			);
			path = "栈";
			sourceTree = "<group>";
		};
/* End PBXGroup section */

/* Begin PBXNativeTarget section */
		04EBBBFB224DE5FF00748EE7 /* 栈 */ = {
			isa = PBXNativeTarget;
			buildConfigurationList = 04EBBC03224DE5FF00748EE7 /* Build configuration list for PBXNativeTarget "栈" */;
			buildPhases = (
				04EBBBF8224DE5FF00748EE7 /* Sources */,
				04EBBBF9224DE5FF00748EE7 /* Frameworks */,
				04EBBBFA224DE5FF00748EE7 /* CopyFiles */,
			);
			buildRules = (
			);
			dependencies = (
			);
			name = "栈";
			productName = "栈";
			productReference = 04EBBBFC224DE5FF00748EE7 /* 栈 */;
			productType = "com.apple.product-type.tool";
		};
/* End PBXNativeTarget section */

/* Begin PBXProject section */
		04EBBBF4224DE5FF00748EE7 /* Project object */ = {
			isa = PBXProject;
			attributes = {
				LastUpgradeCheck = 1020;
				ORGANIZATIONNAME = "com.icloud@h76joker";
				TargetAttributes = {
					04EBBBFB224DE5FF00748EE7 = {
						CreatedOnToolsVersion = 10.2;
					};
				};
			};
			buildConfigurationList = 04EBBBF7224DE5FF00748EE7 /* Build configuration list for PBXProject "栈" */;
			compatibilityVersion = "Xcode 9.3";
			developmentRegion = en;
			hasScannedForEncodings = 0;
			knownRegions = (
				en,
			);
			mainGroup = 04EBBBF3224DE5FF00748EE7;
			productRefGroup = 04EBBBFD224DE5FF00748EE7 /* Products */;
			projectDirPath = "";
			projectRoot = "";
			targets = (
				04EBBBFB224DE5FF00748EE7 /* 栈 */,
			);
		};
/* End PBXProject section */

/* Begin PBXSourcesBuildPhase section */
		04EBBBF8224DE5FF00748EE7 /* Sources */ = {
			isa = PBXSourcesBuildPhase;
			buildActionMask = 2147483647;
			files = (
				04EBBC0B224DE76A00748EE7 /* list.c in Sources */,
				04EBBC08224DE70C00748EE7 /* stack.c in Sources */,
				04EBBC00224DE5FF00748EE7 /* main.c in Sources */,
			);
			runOnlyForDeploymentPostprocessing = 0;
		};
/* End PBXSourcesBuildPhase section */

/* Begin XCBuildConfiguration section */
		04EBBC01224DE5FF00748EE7 /* Debug */ = {
			isa = XCBuildConfiguration;
			buildSettings = {
				ALWAYS_SEARCH_USER_PATHS = NO;
				CLANG_ANALYZER_NONNULL = YES;
				CLANG_ANALYZER_NUMBER_OBJECT_CONVERSION = YES_AGGRESSIVE;
				CLANG_CXX_LANGUAGE_STANDARD = "gnu++14";
				CLANG_CXX_LIBRARY = "libc++";
				CLANG_ENABLE_MODULES = YES;
				CLANG_ENABLE_OBJC_ARC = YES;
				CLANG_ENABLE_OBJC_WEAK = YES;
				CLANG_WARN_BLOCK_CAPTURE_AUTORELEASING = YES;
				CLANG_WARN_BOOL_CONVERSION = YES;
				CLANG_WARN_COMMA = YES;
				CLANG_WARN_CONSTANT_CONVERSION = YES;
				CLANG_WARN_DEPRECATED_OBJC_IMPLEMENTATIONS = YES;
				CLANG_WARN_DIRECT_OBJC_ISA_USAGE = YES_ERROR;
				CLANG_WARN_DOCUMENTATION_COMMENTS = YES;
				CLANG_WARN_EMPTY_BODY = YES;
				CLANG_WARN_ENUM_CONVERSION = YES;
				CLANG_WARN_INFINITE_RECURSION = YES;
				CLANG_WARN_INT_CONVERSION = YES;
				CLANG_WARN_NON_LITERAL_NULL_CONVERSION = YES;
				CLANG_WARN_OBJC_IMPLICIT_RETAIN_SELF = YES;
				CLANG_WARN_OBJC_LITERAL_CONVERSION = YES;
				CLANG_WARN_OBJC_ROOT_CLASS = YES_ERROR;
				CLANG_WARN_RANGE_LOOP_ANALYSIS = YES;
				CLANG_WARN_STRICT_PROTOTYPES = YES;
				CLANG_WARN_SUSPICIOUS_MOVE = YES;
				CLANG_WARN_UNGUARDED_AVAILABILITY = YES_AGGRESSIVE;
				CLANG_WARN_UNREACHABLE_CODE = YES;
				CLANG_WARN__DUPLICATE_METHOD_MATCH = YES;
				CODE_SIGN_IDENTITY = "Mac Developer";
				COPY_PHASE_STRIP = NO;
				DEBUG_INFORMATION_FORMAT = dwarf;
				ENABLE_STRICT_OBJC_MSGSEND = YES;
				ENABLE_TESTABILITY = YES;
				GCC_C_LANGUAGE_STANDARD = gnu11;
				GCC_DYNAMIC_NO_PIC = NO;
				GCC_NO_COMMON_BLOCKS = YES;
				GCC_OPTIMIZATION_LEVEL = 0;
				GCC_PREPROCESSOR_DEFINITIONS = (
					"DEBUG=1",
					"$(inherited)",
				);
				GCC_WARN_64_TO_32_BIT_CONVERSION = YES;
				GCC_WARN_ABOUT_RETURN_TYPE = YES_ERROR;
				GCC_WARN_UNDECLARED_SELECTOR = YES;
				GCC_WARN_UNINITIALIZED_AUTOS = YES_AGGRESSIVE;
				GCC_WARN_UNUSED_FUNCTION = YES;
				GCC_WARN_UNUSED_VARIABLE = YES;
				MACOSX_DEPLOYMENT_TARGET = 10.14;
				MTL_ENABLE_DEBUG_INFO = INCLUDE_SOURCE;
				MTL_FAST_MATH = YES;
				ONLY_ACTIVE_ARCH = YES;
				SDKROOT = macosx;
			};
			name = Debug;
		};
		04EBBC02224DE5FF00748EE7 /* Release */ = {
			isa = XCBuildConfiguration;
			buildSettings = {
				ALWAYS_SEARCH_USER_PATHS = NO;
				CLANG_ANALYZER_NONNULL = YES;
				CLANG_ANALYZER_NUMBER_OBJECT_CONVERSION = YES_AGGRESSIVE;
				CLANG_CXX_LANGUAGE_STANDARD = "gnu++14";
				CLANG_CXX_LIBRARY = "libc++";
				CLANG_ENABLE_MODULES = YES;
				CLANG_ENABLE_OBJC_ARC = YES;
				CLANG_ENABLE_OBJC_WEAK = YES;
				CLANG_WARN_BLOCK_CAPTURE_AUTORELEASING = YES;
				CLANG_WARN_BOOL_CONVERSION = YES;
				CLANG_WARN_COMMA = YES;
				CLANG_WARN_CONSTANT_CONVERSION = YES;
				CLANG_WARN_DEPRECATED_OBJC_IMPLEMENTATIONS = YES;
				CLANG_WARN_DIRECT_OBJC_ISA_USAGE = YES_ERROR;
				CLANG_WARN_DOCUMENTATION_COMMENTS = YES;
				CLANG_WARN_EMPTY_BODY = YES;
				CLANG_WARN_ENUM_CONVERSION = YES;
				CLANG_WARN_INFINITE_RECURSION = YES;
				CLANG_WARN_INT_CONVERSION = YES;
				CLANG_WARN_NON_LITERAL_NULL_CONVERSION = YES;
				CLANG_WARN_OBJC_IMPLICIT_RETAIN_SELF = YES;
				CLANG_WARN_OBJC_LITERAL_CONVERSION = YES;
				CLANG_WARN_OBJC_ROOT_CLASS = YES_ERROR;
				CLANG_WARN_RANGE_LOOP_ANALYSIS = YES;
				CLANG_WARN_STRICT_PROTOTYPES = YES;
				CLANG_WARN_SUSPICIOUS_MOVE = YES;
				CLANG_WARN_UNGUARDED_AVAILABILITY = YES_AGGRESSIVE;
				CLANG_WARN_UNREACHABLE_CODE = YES;
				CLANG_WARN__DUPLICATE_METHOD_MATCH = YES;
				CODE_SIGN_IDENTITY = "Mac Developer";
				COPY_PHASE_STRIP = NO;
				DEBUG_INFORMATION_FORMAT = "dwarf-with-dsym";
				ENABLE_NS_ASSERTIONS = NO;
				ENABLE_STRICT_OBJC_MSGSEND = YES;
				GCC_C_LANGUAGE_STANDARD = gnu11;
				GCC_NO_COMMON_BLOCKS = YES;
				GCC_WARN_64_TO_32_BIT_CONVERSION = YES;
				GCC_WARN_ABOUT_RETURN_TYPE = YES_ERROR;
				GCC_WARN_UNDECLARED_SELECTOR = YES;
				GCC_WARN_UNINITIALIZED_AUTOS = YES_AGGRESSIVE;
				GCC_WARN_UNUSED_FUNCTION = YES;
				GCC_WARN_UNUSED_VARIABLE = YES;
				MACOSX_DEPLOYMENT_TARGET = 10.14;
				MTL_ENABLE_DEBUG_INFO = NO;
				MTL_FAST_MATH = YES;
				SDKROOT = macosx;
			};
			name = Release;
		};
		04EBBC04224DE5FF00748EE7 /* Debug */ = {
			isa = XCBuildConfiguration;
			buildSettings = {
				CODE_SIGN_STYLE = Automatic;
				DEVELOPMENT_TEAM = YRB62S584T;
				PRODUCT_NAME = "$(TARGET_NAME)";
			};
			name = Debug;
		};
		04EBBC05224DE5FF00748EE7 /* Release */ = {
			isa = XCBuildConfiguration;
			buildSettings = {
				CODE_SIGN_STYLE = Automatic;
				DEVELOPMENT_TEAM = YRB62S584T;
				PRODUCT_NAME = "$(TARGET_NAME)";
			};
			name = Release;
		};
/* End XCBuildConfiguration section */

/* Begin XCConfigurationList section */
		04EBBBF7224DE5FF00748EE7 /* Build configuration list for PBXProject "栈" */ = {
			isa = XCConfigurationList;
			buildConfigurations = (
				04EBBC01224DE5FF00748EE7 /* Debug */,
				04EBBC02224DE5FF00748EE7 /* Release */,
			);
			defaultConfigurationIsVisible = 0;
			defaultConfigurationName = Release;
		};
		04EBBC03224DE5FF00748EE7 /* Build configuration list for PBXNativeTarget "栈" */ = {
			isa = XCConfigurationList;
			buildConfigurations = (
				04EBBC04224DE5FF00748EE7 /* Debug */,
				04EBBC05224DE5FF00748EE7 /* Release */,
			);
			defaultConfigurationIsVisible = 0;
			defaultConfigurationName = Release;
		};
/* End XCConfigurationList section */
	};
	rootObject = 04EBBBF4224DE5FF00748EE7 /* Project object */;
}
